
Microsoft Visual Studio Solution File, Format Version 12.00
# Visual Studio Version 17
VisualStudioVersion = 17.14.36616.10 d17.14
MinimumVisualStudioVersion = 10.0.40219.1
Project("{FAE04EC0-301F-11D3-BF4B-00C04F79EFBC}") = "Exercise11-9", "Exercise11-9\Exercise11-9.csproj", "{E7368E4E-96B3-46E9-9EF9-C91CD5E04622}"
EndProject
Global
	GlobalSection(SolutionConfigurationPlatforms) = preSolution
		Debug|Any CPU = Debug|Any CPU
		Release|Any CPU = Release|Any CPU
	EndGlobalSection
	GlobalSection(ProjectConfigurationPlatforms) = postSolution
		{E7368E4E-96B3-46E9-9EF9-C91CD5E04622}.Debug|Any CPU.ActiveCfg = Debug|Any CPU
		{E7368E4E-96B3-46E9-9EF9-C91CD5E04622}.Debug|Any CPU.Build.0 = Debug|Any CPU
		{E7368E4E-96B3-46E9-9EF9-C91CD5E04622}.Release|Any CPU.ActiveCfg = Release|Any CPU
		{E7368E4E-96B3-46E9-9EF9-C91CD5E04622}.Release|Any CPU.Build.0 = Release|Any CPU
	EndGlobalSection
	GlobalSection(SolutionProperties) = preSolution
		HideSolutionNode = FALSE
	EndGlobalSection
	GlobalSection(ExtensibilityGlobals) = postSolution
		SolutionGuid = {19BC872F-874C-4038-994F-46634B605E52}
	EndGlobalSection
EndGlobal
