
Microsoft Visual Studio Solution File, Format Version 12.00
# Visual Studio Version 17
VisualStudioVersion = 17.14.36616.10 d17.14
MinimumVisualStudioVersion = 10.0.40219.1
Project("{FAE04EC0-301F-11D3-BF4B-00C04F79EFBC}") = "Exercise11-7", "Exercise11-7\Exercise11-7.csproj", "{87011592-E4C7-49D1-8907-F2D32828C0BF}"
EndProject
Global
	GlobalSection(SolutionConfigurationPlatforms) = preSolution
		Debug|Any CPU = Debug|Any CPU
		Release|Any CPU = Release|Any CPU
	EndGlobalSection
	GlobalSection(ProjectConfigurationPlatforms) = postSolution
		{87011592-E4C7-49D1-8907-F2D32828C0BF}.Debug|Any CPU.ActiveCfg = Debug|Any CPU
		{87011592-E4C7-49D1-8907-F2D32828C0BF}.Debug|Any CPU.Build.0 = Debug|Any CPU
		{87011592-E4C7-49D1-8907-F2D32828C0BF}.Release|Any CPU.ActiveCfg = Release|Any CPU
		{87011592-E4C7-49D1-8907-F2D32828C0BF}.Release|Any CPU.Build.0 = Release|Any CPU
	EndGlobalSection
	GlobalSection(SolutionProperties) = preSolution
		HideSolutionNode = FALSE
	EndGlobalSection
	GlobalSection(ExtensibilityGlobals) = postSolution
		SolutionGuid = {945E59F6-DC43-4A51-A31B-2C4D6827D7E7}
	EndGlobalSection
EndGlobal
