
Microsoft Visual Studio Solution File, Format Version 12.00
# Visual Studio Version 17
VisualStudioVersion = 17.14.36616.10 d17.14
MinimumVisualStudioVersion = 10.0.40219.1
Project("{FAE04EC0-301F-11D3-BF4B-00C04F79EFBC}") = "Exercise6-6", "Exercise6-6\Exercise6-6.csproj", "{37E36F4A-C82B-4573-BD80-58A92CAC813D}"
EndProject
Global
	GlobalSection(SolutionConfigurationPlatforms) = preSolution
		Debug|Any CPU = Debug|Any CPU
		Release|Any CPU = Release|Any CPU
	EndGlobalSection
	GlobalSection(ProjectConfigurationPlatforms) = postSolution
		{37E36F4A-C82B-4573-BD80-58A92CAC813D}.Debug|Any CPU.ActiveCfg = Debug|Any CPU
		{37E36F4A-C82B-4573-BD80-58A92CAC813D}.Debug|Any CPU.Build.0 = Debug|Any CPU
		{37E36F4A-C82B-4573-BD80-58A92CAC813D}.Release|Any CPU.ActiveCfg = Release|Any CPU
		{37E36F4A-C82B-4573-BD80-58A92CAC813D}.Release|Any CPU.Build.0 = Release|Any CPU
	EndGlobalSection
	GlobalSection(SolutionProperties) = preSolution
		HideSolutionNode = FALSE
	EndGlobalSection
	GlobalSection(ExtensibilityGlobals) = postSolution
		SolutionGuid = {D3CC471F-F5FA-44AF-B6E9-6D8ECB56F2E6}
	EndGlobalSection
EndGlobal
