
Microsoft Visual Studio Solution File, Format Version 12.00
# Visual Studio Version 17
VisualStudioVersion = 17.14.36616.10 d17.14
MinimumVisualStudioVersion = 10.0.40219.1
Project("{FAE04EC0-301F-11D3-BF4B-00C04F79EFBC}") = "Exercise2-7", "Exercise2-7\Exercise2-7.csproj", "{335314DC-0319-4904-8C3D-6AEE4B1E6EBE}"
EndProject
Global
	GlobalSection(SolutionConfigurationPlatforms) = preSolution
		Debug|Any CPU = Debug|Any CPU
		Release|Any CPU = Release|Any CPU
	EndGlobalSection
	GlobalSection(ProjectConfigurationPlatforms) = postSolution
		{335314DC-0319-4904-8C3D-6AEE4B1E6EBE}.Debug|Any CPU.ActiveCfg = Debug|Any CPU
		{335314DC-0319-4904-8C3D-6AEE4B1E6EBE}.Debug|Any CPU.Build.0 = Debug|Any CPU
		{335314DC-0319-4904-8C3D-6AEE4B1E6EBE}.Release|Any CPU.ActiveCfg = Release|Any CPU
		{335314DC-0319-4904-8C3D-6AEE4B1E6EBE}.Release|Any CPU.Build.0 = Release|Any CPU
	EndGlobalSection
	GlobalSection(SolutionProperties) = preSolution
		HideSolutionNode = FALSE
	EndGlobalSection
	GlobalSection(ExtensibilityGlobals) = postSolution
		SolutionGuid = {258C1E9E-46F3-4D56-823C-FBE129B9C943}
	EndGlobalSection
EndGlobal
