
Microsoft Visual Studio Solution File, Format Version 12.00
# Visual Studio Version 17
VisualStudioVersion = 17.14.36616.10 d17.14
MinimumVisualStudioVersion = 10.0.40219.1
Project("{FAE04EC0-301F-11D3-BF4B-00C04F79EFBC}") = "Exercise11-12", "Exercise11-12\Exercise11-12.csproj", "{2C5991A0-1A0A-45DA-84F3-27BA1587D135}"
EndProject
Global
	GlobalSection(SolutionConfigurationPlatforms) = preSolution
		Debug|Any CPU = Debug|Any CPU
		Release|Any CPU = Release|Any CPU
	EndGlobalSection
	GlobalSection(ProjectConfigurationPlatforms) = postSolution
		{2C5991A0-1A0A-45DA-84F3-27BA1587D135}.Debug|Any CPU.ActiveCfg = Debug|Any CPU
		{2C5991A0-1A0A-45DA-84F3-27BA1587D135}.Debug|Any CPU.Build.0 = Debug|Any CPU
		{2C5991A0-1A0A-45DA-84F3-27BA1587D135}.Release|Any CPU.ActiveCfg = Release|Any CPU
		{2C5991A0-1A0A-45DA-84F3-27BA1587D135}.Release|Any CPU.Build.0 = Release|Any CPU
	EndGlobalSection
	GlobalSection(SolutionProperties) = preSolution
		HideSolutionNode = FALSE
	EndGlobalSection
	GlobalSection(ExtensibilityGlobals) = postSolution
		SolutionGuid = {66096B59-5EA8-45FD-9F67-DBDB7E9D5B44}
	EndGlobalSection
EndGlobal
