
Microsoft Visual Studio Solution File, Format Version 12.00
# Visual Studio Version 17
VisualStudioVersion = 17.14.36616.10 d17.14
MinimumVisualStudioVersion = 10.0.40219.1
Project("{FAE04EC0-301F-11D3-BF4B-00C04F79EFBC}") = "Exercise1-2", "exercise1-2\Exercise1-2.csproj", "{0358D71A-DFAD-4075-B591-A91E617886B1}"
EndProject
Global
	GlobalSection(SolutionConfigurationPlatforms) = preSolution
		Debug|Any CPU = Debug|Any CPU
		Release|Any CPU = Release|Any CPU
	EndGlobalSection
	GlobalSection(ProjectConfigurationPlatforms) = postSolution
		{0358D71A-DFAD-4075-B591-A91E617886B1}.Debug|Any CPU.ActiveCfg = Debug|Any CPU
		{0358D71A-DFAD-4075-B591-A91E617886B1}.Debug|Any CPU.Build.0 = Debug|Any CPU
		{0358D71A-DFAD-4075-B591-A91E617886B1}.Release|Any CPU.ActiveCfg = Release|Any CPU
		{0358D71A-DFAD-4075-B591-A91E617886B1}.Release|Any CPU.Build.0 = Release|Any CPU
	EndGlobalSection
	GlobalSection(SolutionProperties) = preSolution
		HideSolutionNode = FALSE
	EndGlobalSection
	GlobalSection(ExtensibilityGlobals) = postSolution
		SolutionGuid = {30A2A51C-2B97-46E4-9DBC-B977F2542A30}
	EndGlobalSection
EndGlobal
