
Microsoft Visual Studio Solution File, Format Version 12.00
# Visual Studio Version 17
VisualStudioVersion = 17.14.36221.1 d17.14
MinimumVisualStudioVersion = 10.0.40219.1
Project("{FAE04EC0-301F-11D3-BF4B-00C04F79EFBC}") = "ConsoleApp2", "ConsoleApp2\ConsoleApp2.csproj", "{3514B9B2-39C6-45F7-87D7-F92FF6F7318F}"
EndProject
Global
	GlobalSection(SolutionConfigurationPlatforms) = preSolution
		Debug|Any CPU = Debug|Any CPU
		Release|Any CPU = Release|Any CPU
	EndGlobalSection
	GlobalSection(ProjectConfigurationPlatforms) = postSolution
		{3514B9B2-39C6-45F7-87D7-F92FF6F7318F}.Debug|Any CPU.ActiveCfg = Debug|Any CPU
		{3514B9B2-39C6-45F7-87D7-F92FF6F7318F}.Debug|Any CPU.Build.0 = Debug|Any CPU
		{3514B9B2-39C6-45F7-87D7-F92FF6F7318F}.Release|Any CPU.ActiveCfg = Release|Any CPU
		{3514B9B2-39C6-45F7-87D7-F92FF6F7318F}.Release|Any CPU.Build.0 = Release|Any CPU
	EndGlobalSection
	GlobalSection(SolutionProperties) = preSolution
		HideSolutionNode = FALSE
	EndGlobalSection
	GlobalSection(ExtensibilityGlobals) = postSolution
		SolutionGuid = {5CB7CB5E-2BD5-4CC5-9457-1D57079CB78B}
	EndGlobalSection
EndGlobal
